
Microsoft Visual Studio Solution File, Format Version 12.00
# Visual Studio Version 17
VisualStudioVersion = 17.7.34009.444
MinimumVisualStudioVersion = 10.0.40219.1
Project("{9A19103F-16F7-4668-BE54-9A1E7A4F7556}") = "SyncFileHasher", "SyncFileHasher\SyncFileHasher.csproj", "{2FB52E9F-2C96-4B32-BDCC-8CC2C70C1D55}"
EndProject
Project("{9A19103F-16F7-4668-BE54-9A1E7A4F7556}") = "SmartFile", "SmartFile\SmartFile.csproj", "{9AAA7898-0CF1-4832-8508-B017A6E9C15D}"
EndProject
Project("{9A19103F-16F7-4668-BE54-9A1E7A4F7556}") = "ParallelAsyncFileHasher", "ParallelAsyncFileHasher\ParallelAsyncFileHasher.csproj", "{958672BA-E654-4B22-BECC-9CE672F8371B}"
EndProject
Project("{9A19103F-16F7-4668-BE54-9A1E7A4F7556}") = "AsyncFileHasher", "AsyncFileHasher\AsyncFileHasher.csproj", "{98798044-ED51-4ACA-9291-9FE8C2E3ECFF}"
EndProject
Project("{FAE04EC0-301F-11D3-BF4B-00C04F79EFBC}") = "DelegateAndExtensionMethods", "DelegateAndExtensionMethods\DelegateAndExtensionMethods.csproj", "{AE8E07E5-16A2-4F52-8380-DA522A5DAC4D}"
EndProject
Global
	GlobalSection(SolutionConfigurationPlatforms) = preSolution
		Debug|Any CPU = Debug|Any CPU
		Release|Any CPU = Release|Any CPU
	EndGlobalSection
	GlobalSection(ProjectConfigurationPlatforms) = postSolution
		{2FB52E9F-2C96-4B32-BDCC-8CC2C70C1D55}.Debug|Any CPU.ActiveCfg = Debug|Any CPU
		{2FB52E9F-2C96-4B32-BDCC-8CC2C70C1D55}.Debug|Any CPU.Build.0 = Debug|Any CPU
		{2FB52E9F-2C96-4B32-BDCC-8CC2C70C1D55}.Release|Any CPU.ActiveCfg = Release|Any CPU
		{2FB52E9F-2C96-4B32-BDCC-8CC2C70C1D55}.Release|Any CPU.Build.0 = Release|Any CPU
		{9AAA7898-0CF1-4832-8508-B017A6E9C15D}.Debug|Any CPU.ActiveCfg = Debug|Any CPU
		{9AAA7898-0CF1-4832-8508-B017A6E9C15D}.Debug|Any CPU.Build.0 = Debug|Any CPU
		{9AAA7898-0CF1-4832-8508-B017A6E9C15D}.Release|Any CPU.ActiveCfg = Release|Any CPU
		{9AAA7898-0CF1-4832-8508-B017A6E9C15D}.Release|Any CPU.Build.0 = Release|Any CPU
		{958672BA-E654-4B22-BECC-9CE672F8371B}.Debug|Any CPU.ActiveCfg = Debug|Any CPU
		{958672BA-E654-4B22-BECC-9CE672F8371B}.Debug|Any CPU.Build.0 = Debug|Any CPU
		{958672BA-E654-4B22-BECC-9CE672F8371B}.Release|Any CPU.ActiveCfg = Release|Any CPU
		{958672BA-E654-4B22-BECC-9CE672F8371B}.Release|Any CPU.Build.0 = Release|Any CPU
		{98798044-ED51-4ACA-9291-9FE8C2E3ECFF}.Debug|Any CPU.ActiveCfg = Debug|Any CPU
		{98798044-ED51-4ACA-9291-9FE8C2E3ECFF}.Debug|Any CPU.Build.0 = Debug|Any CPU
		{98798044-ED51-4ACA-9291-9FE8C2E3ECFF}.Release|Any CPU.ActiveCfg = Release|Any CPU
		{98798044-ED51-4ACA-9291-9FE8C2E3ECFF}.Release|Any CPU.Build.0 = Release|Any CPU
		{AE8E07E5-16A2-4F52-8380-DA522A5DAC4D}.Debug|Any CPU.ActiveCfg = Debug|Any CPU
		{AE8E07E5-16A2-4F52-8380-DA522A5DAC4D}.Debug|Any CPU.Build.0 = Debug|Any CPU
		{AE8E07E5-16A2-4F52-8380-DA522A5DAC4D}.Release|Any CPU.ActiveCfg = Release|Any CPU
		{AE8E07E5-16A2-4F52-8380-DA522A5DAC4D}.Release|Any CPU.Build.0 = Release|Any CPU
	EndGlobalSection
	GlobalSection(SolutionProperties) = preSolution
		HideSolutionNode = FALSE
	EndGlobalSection
	GlobalSection(ExtensibilityGlobals) = postSolution
		SolutionGuid = {86D66BB4-95B3-4BFB-8675-7178A038E3BA}
	EndGlobalSection
EndGlobal
