
Microsoft Visual Studio Solution File, Format Version 12.00
# Visual Studio Version 17
VisualStudioVersion = 17.7.34009.444
MinimumVisualStudioVersion = 10.0.40219.1
Project("{9A19103F-16F7-4668-BE54-9A1E7A4F7556}") = "Main", "Main.csproj", "{900E87D3-2E0C-4FB4-BF51-84C8838E48B7}"
EndProject
Global
	GlobalSection(SolutionConfigurationPlatforms) = preSolution
		Debug|Any CPU = Debug|Any CPU
		Release|Any CPU = Release|Any CPU
	EndGlobalSection
	GlobalSection(ProjectConfigurationPlatforms) = postSolution
		{900E87D3-2E0C-4FB4-BF51-84C8838E48B7}.Debug|Any CPU.ActiveCfg = Debug|Any CPU
		{900E87D3-2E0C-4FB4-BF51-84C8838E48B7}.Debug|Any CPU.Build.0 = Debug|Any CPU
		{900E87D3-2E0C-4FB4-BF51-84C8838E48B7}.Release|Any CPU.ActiveCfg = Release|Any CPU
		{900E87D3-2E0C-4FB4-BF51-84C8838E48B7}.Release|Any CPU.Build.0 = Release|Any CPU
	EndGlobalSection
	GlobalSection(SolutionProperties) = preSolution
		HideSolutionNode = FALSE
	EndGlobalSection
	GlobalSection(ExtensibilityGlobals) = postSolution
		SolutionGuid = {301DF834-DA92-4D1F-9097-CAFBEC015669}
	EndGlobalSection
EndGlobal
