
Microsoft Visual Studio Solution File, Format Version 12.00
# Visual Studio Version 17
VisualStudioVersion = 17.7.34009.444
MinimumVisualStudioVersion = 10.0.40219.1
Project("{FAE04EC0-301F-11D3-BF4B-00C04F79EFBC}") = "SyncFileHash", "SyncFileHash\SyncFileHash.csproj", "{97DBC1BE-ACDB-4582-A78B-BA517862F8E7}"
EndProject
Project("{FAE04EC0-301F-11D3-BF4B-00C04F79EFBC}") = "SmartFiles", "..\SmartFiles\SmartFiles.csproj", "{9936F48F-7F86-4690-9716-3008828E6890}"
EndProject
Project("{FAE04EC0-301F-11D3-BF4B-00C04F79EFBC}") = "AsyncFileHasher", "..\AsyncFileHasher\AsyncFileHasher.csproj", "{D889B8D3-9419-4CAE-BFD4-DE1193416D45}"
EndProject
Global
	GlobalSection(SolutionConfigurationPlatforms) = preSolution
		Debug|Any CPU = Debug|Any CPU
		Release|Any CPU = Release|Any CPU
	EndGlobalSection
	GlobalSection(ProjectConfigurationPlatforms) = postSolution
		{97DBC1BE-ACDB-4582-A78B-BA517862F8E7}.Debug|Any CPU.ActiveCfg = Debug|Any CPU
		{97DBC1BE-ACDB-4582-A78B-BA517862F8E7}.Debug|Any CPU.Build.0 = Debug|Any CPU
		{97DBC1BE-ACDB-4582-A78B-BA517862F8E7}.Release|Any CPU.ActiveCfg = Release|Any CPU
		{97DBC1BE-ACDB-4582-A78B-BA517862F8E7}.Release|Any CPU.Build.0 = Release|Any CPU
		{9936F48F-7F86-4690-9716-3008828E6890}.Debug|Any CPU.ActiveCfg = Debug|Any CPU
		{9936F48F-7F86-4690-9716-3008828E6890}.Debug|Any CPU.Build.0 = Debug|Any CPU
		{9936F48F-7F86-4690-9716-3008828E6890}.Release|Any CPU.ActiveCfg = Release|Any CPU
		{9936F48F-7F86-4690-9716-3008828E6890}.Release|Any CPU.Build.0 = Release|Any CPU
		{D889B8D3-9419-4CAE-BFD4-DE1193416D45}.Debug|Any CPU.ActiveCfg = Debug|Any CPU
		{D889B8D3-9419-4CAE-BFD4-DE1193416D45}.Debug|Any CPU.Build.0 = Debug|Any CPU
		{D889B8D3-9419-4CAE-BFD4-DE1193416D45}.Release|Any CPU.ActiveCfg = Release|Any CPU
		{D889B8D3-9419-4CAE-BFD4-DE1193416D45}.Release|Any CPU.Build.0 = Release|Any CPU
	EndGlobalSection
	GlobalSection(SolutionProperties) = preSolution
		HideSolutionNode = FALSE
	EndGlobalSection
	GlobalSection(ExtensibilityGlobals) = postSolution
		SolutionGuid = {6BDA179E-3D1B-4B05-A250-CB9B0854E1AB}
	EndGlobalSection
EndGlobal
