
Microsoft Visual Studio Solution File, Format Version 12.00
# Visual Studio Version 17
VisualStudioVersion = 17.5.33530.505
MinimumVisualStudioVersion = 10.0.40219.1
Project("{FAE04EC0-301F-11D3-BF4B-00C04F79EFBC}") = "LearnPackageManager", "LearnPackageManager\LearnPackageManager.csproj", "{20957BC3-2B53-4958-9145-3F31F09F65A9}"
EndProject
Global
	GlobalSection(SolutionConfigurationPlatforms) = preSolution
		Debug|Any CPU = Debug|Any CPU
		Release|Any CPU = Release|Any CPU
	EndGlobalSection
	GlobalSection(ProjectConfigurationPlatforms) = postSolution
		{20957BC3-2B53-4958-9145-3F31F09F65A9}.Debug|Any CPU.ActiveCfg = Debug|Any CPU
		{20957BC3-2B53-4958-9145-3F31F09F65A9}.Debug|Any CPU.Build.0 = Debug|Any CPU
		{20957BC3-2B53-4958-9145-3F31F09F65A9}.Release|Any CPU.ActiveCfg = Release|Any CPU
		{20957BC3-2B53-4958-9145-3F31F09F65A9}.Release|Any CPU.Build.0 = Release|Any CPU
	EndGlobalSection
	GlobalSection(SolutionProperties) = preSolution
		HideSolutionNode = FALSE
	EndGlobalSection
	GlobalSection(ExtensibilityGlobals) = postSolution
		SolutionGuid = {D464F68B-3489-4FC4-87E5-EF586FFDE67E}
	EndGlobalSection
EndGlobal
