
Microsoft Visual Studio Solution File, Format Version 12.00
# Visual Studio Version 17
VisualStudioVersion = 17.5.33530.505
MinimumVisualStudioVersion = 10.0.40219.1
Project("{FAE04EC0-301F-11D3-BF4B-00C04F79EFBC}") = "SyncFileHasher", "SyncFileHasher\SyncFileHasher.csproj", "{E0635F2B-828E-44A8-B3A6-45B4DEB50EDE}"
EndProject
Project("{FAE04EC0-301F-11D3-BF4B-00C04F79EFBC}") = "SmartFile", "SmartFile\SmartFile.csproj", "{A6D5FE80-D4AE-4927-BC9A-BD1104847C74}"
EndProject
Project("{FAE04EC0-301F-11D3-BF4B-00C04F79EFBC}") = "AsyncFileHasher", "AsyncFileHasher\AsyncFileHasher.csproj", "{2EBAAE60-D61B-4914-AEA9-6CAE243E4B8C}"
EndProject
Project("{FAE04EC0-301F-11D3-BF4B-00C04F79EFBC}") = "ParallelAsyncFileHasher", "ParallelAsyncFileHasher\ParallelAsyncFileHasher.csproj", "{3F219EC4-CC6D-4873-ADDD-00D307206731}"
EndProject
Global
	GlobalSection(SolutionConfigurationPlatforms) = preSolution
		Debug|Any CPU = Debug|Any CPU
		Release|Any CPU = Release|Any CPU
	EndGlobalSection
	GlobalSection(ProjectConfigurationPlatforms) = postSolution
		{E0635F2B-828E-44A8-B3A6-45B4DEB50EDE}.Debug|Any CPU.ActiveCfg = Debug|Any CPU
		{E0635F2B-828E-44A8-B3A6-45B4DEB50EDE}.Debug|Any CPU.Build.0 = Debug|Any CPU
		{E0635F2B-828E-44A8-B3A6-45B4DEB50EDE}.Release|Any CPU.ActiveCfg = Release|Any CPU
		{E0635F2B-828E-44A8-B3A6-45B4DEB50EDE}.Release|Any CPU.Build.0 = Release|Any CPU
		{A6D5FE80-D4AE-4927-BC9A-BD1104847C74}.Debug|Any CPU.ActiveCfg = Debug|Any CPU
		{A6D5FE80-D4AE-4927-BC9A-BD1104847C74}.Debug|Any CPU.Build.0 = Debug|Any CPU
		{A6D5FE80-D4AE-4927-BC9A-BD1104847C74}.Release|Any CPU.ActiveCfg = Release|Any CPU
		{A6D5FE80-D4AE-4927-BC9A-BD1104847C74}.Release|Any CPU.Build.0 = Release|Any CPU
		{2EBAAE60-D61B-4914-AEA9-6CAE243E4B8C}.Debug|Any CPU.ActiveCfg = Debug|Any CPU
		{2EBAAE60-D61B-4914-AEA9-6CAE243E4B8C}.Debug|Any CPU.Build.0 = Debug|Any CPU
		{2EBAAE60-D61B-4914-AEA9-6CAE243E4B8C}.Release|Any CPU.ActiveCfg = Release|Any CPU
		{2EBAAE60-D61B-4914-AEA9-6CAE243E4B8C}.Release|Any CPU.Build.0 = Release|Any CPU
		{3F219EC4-CC6D-4873-ADDD-00D307206731}.Debug|Any CPU.ActiveCfg = Debug|Any CPU
		{3F219EC4-CC6D-4873-ADDD-00D307206731}.Debug|Any CPU.Build.0 = Debug|Any CPU
		{3F219EC4-CC6D-4873-ADDD-00D307206731}.Release|Any CPU.ActiveCfg = Release|Any CPU
		{3F219EC4-CC6D-4873-ADDD-00D307206731}.Release|Any CPU.Build.0 = Release|Any CPU
	EndGlobalSection
	GlobalSection(SolutionProperties) = preSolution
		HideSolutionNode = FALSE
	EndGlobalSection
	GlobalSection(ExtensibilityGlobals) = postSolution
		SolutionGuid = {5436106C-98ED-4048-8A42-9951DD551A5B}
	EndGlobalSection
EndGlobal
