
Microsoft Visual Studio Solution File, Format Version 12.00
# Visual Studio Version 17
VisualStudioVersion = 17.7.34009.444
MinimumVisualStudioVersion = 10.0.40219.1
Project("{9A19103F-16F7-4668-BE54-9A1E7A4F7556}") = "WatchPortalFunction", "WatchPortalFunction.csproj", "{03C3C474-2AB6-4ABF-ACA6-CFBBBA446ADC}"
EndProject
Project("{FAE04EC0-301F-11D3-BF4B-00C04F79EFBC}") = "WatchFunctionsTests", "..\WatchFunctionsTests\WatchFunctionsTests.csproj", "{85DC0F43-14DF-48EB-B56E-623811688795}"
EndProject
Global
	GlobalSection(SolutionConfigurationPlatforms) = preSolution
		Debug|Any CPU = Debug|Any CPU
		Release|Any CPU = Release|Any CPU
	EndGlobalSection
	GlobalSection(ProjectConfigurationPlatforms) = postSolution
		{03C3C474-2AB6-4ABF-ACA6-CFBBBA446ADC}.Debug|Any CPU.ActiveCfg = Debug|Any CPU
		{03C3C474-2AB6-4ABF-ACA6-CFBBBA446ADC}.Debug|Any CPU.Build.0 = Debug|Any CPU
		{03C3C474-2AB6-4ABF-ACA6-CFBBBA446ADC}.Release|Any CPU.ActiveCfg = Release|Any CPU
		{03C3C474-2AB6-4ABF-ACA6-CFBBBA446ADC}.Release|Any CPU.Build.0 = Release|Any CPU
		{85DC0F43-14DF-48EB-B56E-623811688795}.Debug|Any CPU.ActiveCfg = Debug|Any CPU
		{85DC0F43-14DF-48EB-B56E-623811688795}.Debug|Any CPU.Build.0 = Debug|Any CPU
		{85DC0F43-14DF-48EB-B56E-623811688795}.Release|Any CPU.ActiveCfg = Release|Any CPU
		{85DC0F43-14DF-48EB-B56E-623811688795}.Release|Any CPU.Build.0 = Release|Any CPU
	EndGlobalSection
	GlobalSection(SolutionProperties) = preSolution
		HideSolutionNode = FALSE
	EndGlobalSection
	GlobalSection(ExtensibilityGlobals) = postSolution
		SolutionGuid = {539EED8D-8BC2-4E75-AFA0-5D8639104348}
	EndGlobalSection
EndGlobal
